{
  "name": "mario-3d",
  "version": "1.0.0",
  "lockfileVersion": 2,
  "requires": true,
  "packages": {
    "": {
      "name": "mario-3d",
      "version": "1.0.0",
      "license": "ISC",
      "dependencies": {
        "cannon": "^0.6.2",
        "three": "^0.124.0"
      }
    },
    "node_modules/cannon": {
      "version": "0.6.2",
      "resolved": "https://registry.npmjs.org/cannon/-/cannon-0.6.2.tgz",
      "integrity": "sha1-HnvHLdWEGYLzwQTCvFeL+k+xxXI=",
      "engines": {
        "node": "*"
      }
    },
    "node_modules/three": {
      "version": "0.124.0",
      "resolved": "https://registry.npmjs.org/three/-/three-0.124.0.tgz",
      "integrity": "sha512-ROXp1Ly7YyF+jC910DQyAWj++Qlw2lQv0qwYLNQwdDbjk4bsOXAfGO92wYTMPNei1GMJUmCxSxc3MjGBTS09Rg=="
    }
  },
  "dependencies": {
    "cannon": {
      "version": "0.6.2",
      "resolved": "https://registry.npmjs.org/cannon/-/cannon-0.6.2.tgz",
      "integrity": "sha1-HnvHLdWEGYLzwQTCvFeL+k+xxXI="
    },
    "three": {
      "version": "0.124.0",
      "resolved": "https://registry.npmjs.org/three/-/three-0.124.0.tgz",
      "integrity": "sha512-ROXp1Ly7YyF+jC910DQyAWj++Qlw2lQv0qwYLNQwdDbjk4bsOXAfGO92wYTMPNei1GMJUmCxSxc3MjGBTS09Rg=="
    }
  }
}
